
Microsoft Visual Studio Solution File, Format Version 11.00
# Visual Studio 2010
Project("{FAE04EC0-301F-11D3-BF4B-00C04F79EFBC}") = "TesteTdd", "TesteTdd\TesteTdd.csproj", "{1DD2B8F1-9951-477B-9139-AF15F1221BF0}"
EndProject
Project("{FAE04EC0-301F-11D3-BF4B-00C04F79EFBC}") = "InterfaceCalculadora", "InterfaceCalculadora\InterfaceCalculadora.csproj", "{1A96D63D-1D3C-4B7D-9651-DB1494BCFBEF}"
EndProject
Project("{2150E333-8FDC-42A3-9474-1A3956D46DE8}") = "Solution Items", "Solution Items", "{DA1C4828-D956-4EFC-94E3-D8FC9D262476}"
	ProjectSection(SolutionItems) = preProject
		Local.testsettings = Local.testsettings
		TesteTdd.vsmdi = TesteTdd.vsmdi
		TraceAndTestImpact.testsettings = TraceAndTestImpact.testsettings
	EndProjectSection
EndProject
Project("{FAE04EC0-301F-11D3-BF4B-00C04F79EFBC}") = "CalculadoraTest", "CalculadoraTest\CalculadoraTest.csproj", "{9D2FF191-36B4-4656-9D24-0E5DC643ED76}"
EndProject
Global
	GlobalSection(TeamFoundationVersionControl) = preSolution
		SccNumberOfProjects = 4
		SccEnterpriseProvider = {4CA58AB2-18FA-4F8D-95D4-32DDF27D184C}
		SccTeamFoundationServer = https://minervapm.visualstudio.com/defaultcollection
		SccLocalPath0 = .
		SccProjectUniqueName1 = TesteTdd\\TesteTdd.csproj
		SccProjectName1 = TesteTdd
		SccLocalPath1 = TesteTdd
		SccProjectUniqueName2 = InterfaceCalculadora\\InterfaceCalculadora.csproj
		SccProjectName2 = InterfaceCalculadora
		SccLocalPath2 = InterfaceCalculadora
		SccProjectUniqueName3 = CalculadoraTest\\CalculadoraTest.csproj
		SccProjectName3 = CalculadoraTest
		SccLocalPath3 = CalculadoraTest
	EndGlobalSection
	GlobalSection(TestCaseManagementSettings) = postSolution
		CategoryFile = TesteTdd.vsmdi
	EndGlobalSection
	GlobalSection(SolutionConfigurationPlatforms) = preSolution
		Debug|Any CPU = Debug|Any CPU
		Debug|Mixed Platforms = Debug|Mixed Platforms
		Debug|x86 = Debug|x86
		Release|Any CPU = Release|Any CPU
		Release|Mixed Platforms = Release|Mixed Platforms
		Release|x86 = Release|x86
	EndGlobalSection
	GlobalSection(ProjectConfigurationPlatforms) = postSolution
		{1DD2B8F1-9951-477B-9139-AF15F1221BF0}.Debug|Any CPU.ActiveCfg = Debug|Any CPU
		{1DD2B8F1-9951-477B-9139-AF15F1221BF0}.Debug|Any CPU.Build.0 = Debug|Any CPU
		{1DD2B8F1-9951-477B-9139-AF15F1221BF0}.Debug|Mixed Platforms.ActiveCfg = Debug|Any CPU
		{1DD2B8F1-9951-477B-9139-AF15F1221BF0}.Debug|Mixed Platforms.Build.0 = Debug|Any CPU
		{1DD2B8F1-9951-477B-9139-AF15F1221BF0}.Debug|x86.ActiveCfg = Debug|Any CPU
		{1DD2B8F1-9951-477B-9139-AF15F1221BF0}.Release|Any CPU.ActiveCfg = Release|Any CPU
		{1DD2B8F1-9951-477B-9139-AF15F1221BF0}.Release|Any CPU.Build.0 = Release|Any CPU
		{1DD2B8F1-9951-477B-9139-AF15F1221BF0}.Release|Mixed Platforms.ActiveCfg = Release|Any CPU
		{1DD2B8F1-9951-477B-9139-AF15F1221BF0}.Release|Mixed Platforms.Build.0 = Release|Any CPU
		{1DD2B8F1-9951-477B-9139-AF15F1221BF0}.Release|x86.ActiveCfg = Release|Any CPU
		{1A96D63D-1D3C-4B7D-9651-DB1494BCFBEF}.Debug|Any CPU.ActiveCfg = Debug|x86
		{1A96D63D-1D3C-4B7D-9651-DB1494BCFBEF}.Debug|Mixed Platforms.ActiveCfg = Debug|x86
		{1A96D63D-1D3C-4B7D-9651-DB1494BCFBEF}.Debug|Mixed Platforms.Build.0 = Debug|x86
		{1A96D63D-1D3C-4B7D-9651-DB1494BCFBEF}.Debug|x86.ActiveCfg = Debug|x86
		{1A96D63D-1D3C-4B7D-9651-DB1494BCFBEF}.Debug|x86.Build.0 = Debug|x86
		{1A96D63D-1D3C-4B7D-9651-DB1494BCFBEF}.Release|Any CPU.ActiveCfg = Release|x86
		{1A96D63D-1D3C-4B7D-9651-DB1494BCFBEF}.Release|Mixed Platforms.ActiveCfg = Release|x86
		{1A96D63D-1D3C-4B7D-9651-DB1494BCFBEF}.Release|Mixed Platforms.Build.0 = Release|x86
		{1A96D63D-1D3C-4B7D-9651-DB1494BCFBEF}.Release|x86.ActiveCfg = Release|x86
		{1A96D63D-1D3C-4B7D-9651-DB1494BCFBEF}.Release|x86.Build.0 = Release|x86
		{9D2FF191-36B4-4656-9D24-0E5DC643ED76}.Debug|Any CPU.ActiveCfg = Debug|Any CPU
		{9D2FF191-36B4-4656-9D24-0E5DC643ED76}.Debug|Any CPU.Build.0 = Debug|Any CPU
		{9D2FF191-36B4-4656-9D24-0E5DC643ED76}.Debug|Mixed Platforms.ActiveCfg = Debug|Any CPU
		{9D2FF191-36B4-4656-9D24-0E5DC643ED76}.Debug|Mixed Platforms.Build.0 = Debug|Any CPU
		{9D2FF191-36B4-4656-9D24-0E5DC643ED76}.Debug|x86.ActiveCfg = Debug|Any CPU
		{9D2FF191-36B4-4656-9D24-0E5DC643ED76}.Release|Any CPU.ActiveCfg = Release|Any CPU
		{9D2FF191-36B4-4656-9D24-0E5DC643ED76}.Release|Any CPU.Build.0 = Release|Any CPU
		{9D2FF191-36B4-4656-9D24-0E5DC643ED76}.Release|Mixed Platforms.ActiveCfg = Release|Any CPU
		{9D2FF191-36B4-4656-9D24-0E5DC643ED76}.Release|Mixed Platforms.Build.0 = Release|Any CPU
		{9D2FF191-36B4-4656-9D24-0E5DC643ED76}.Release|x86.ActiveCfg = Release|Any CPU
	EndGlobalSection
	GlobalSection(SolutionProperties) = preSolution
		HideSolutionNode = FALSE
	EndGlobalSection
EndGlobal
